
Microsoft Visual Studio Solution File, Format Version 12.00
# Visual Studio 15
VisualStudioVersion = 15.0.28307.902
MinimumVisualStudioVersion = 10.0.40219.1
Project("{FAE04EC0-301F-11D3-BF4B-00C04F79EFBC}") = "Consulta_Endereco_Pelo_Cep", "Consulta_Endereco_Pelo_Cep\Consulta_Endereco_Pelo_Cep.csproj", "{DED1DCB5-027D-4E28-9A81-043172A3A091}"
EndProject
Global
	GlobalSection(SolutionConfigurationPlatforms) = preSolution
		Debug|Any CPU = Debug|Any CPU
		Release|Any CPU = Release|Any CPU
	EndGlobalSection
	GlobalSection(ProjectConfigurationPlatforms) = postSolution
		{DED1DCB5-027D-4E28-9A81-043172A3A091}.Debug|Any CPU.ActiveCfg = Debug|Any CPU
		{DED1DCB5-027D-4E28-9A81-043172A3A091}.Debug|Any CPU.Build.0 = Debug|Any CPU
		{DED1DCB5-027D-4E28-9A81-043172A3A091}.Release|Any CPU.ActiveCfg = Release|Any CPU
		{DED1DCB5-027D-4E28-9A81-043172A3A091}.Release|Any CPU.Build.0 = Release|Any CPU
	EndGlobalSection
	GlobalSection(SolutionProperties) = preSolution
		HideSolutionNode = FALSE
	EndGlobalSection
	GlobalSection(ExtensibilityGlobals) = postSolution
		SolutionGuid = {1DC8104C-4229-4C32-AFE2-93F6560C48EE}
	EndGlobalSection
EndGlobal
